// !$*UTF8*$!
{
	archiveVersion = 1;
	classes = {
	};
	objectVersion = 46;
	objects = {

/* Begin PBXBuildFile section */
		92193F3A1D1467AB00EEED61 /* AppDelegate.swift in Sources */ = {isa = PBXBuildFile; fileRef = 92193F391D1467AB00EEED61 /* AppDelegate.swift */; };
		92193F3F1D1467AB00EEED61 /* Main.storyboard in Resources */ = {isa = PBXBuildFile; fileRef = 92193F3D1D1467AB00EEED61 /* Main.storyboard */; };
		92193F411D1467AC00EEED61 /* Assets.xcassets in Resources */ = {isa = PBXBuildFile; fileRef = 92193F401D1467AC00EEED61 /* Assets.xcassets */; };
		92193F441D1467AC00EEED61 /* LaunchScreen.storyboard in Resources */ = {isa = PBXBuildFile; fileRef = 92193F421D1467AC00EEED61 /* LaunchScreen.storyboard */; };
		92193F4C1D15115700EEED61 /* ConversionViewController.swift in Sources */ = {isa = PBXBuildFile; fileRef = 92193F4B1D15115700EEED61 /* ConversionViewController.swift */; };
		92193F9A1D1B583400EEED61 /* MapKit.framework in Frameworks */ = {isa = PBXBuildFile; fileRef = 92193F991D1B583400EEED61 /* MapKit.framework */; };
		925134F61D3C779B006D3C1A /* WebViewController.swift in Sources */ = {isa = PBXBuildFile; fileRef = 925134F51D3C779B006D3C1A /* WebViewController.swift */; };
		92D830BA1D26D3AE000832DF /* MapViewController.swift in Sources */ = {isa = PBXBuildFile; fileRef = 92D830B91D26D3AE000832DF /* MapViewController.swift */; };
/* End PBXBuildFile section */

/* Begin PBXFileReference section */
		92193F361D1467AB00EEED61 /* WorldTrotter.app */ = {isa = PBXFileReference; explicitFileType = wrapper.application; includeInIndex = 0; path = WorldTrotter.app; sourceTree = BUILT_PRODUCTS_DIR; };
		92193F391D1467AB00EEED61 /* AppDelegate.swift */ = {isa = PBXFileReference; lastKnownFileType = sourcecode.swift; path = AppDelegate.swift; sourceTree = "<group>"; };
		92193F3E1D1467AB00EEED61 /* Base */ = {isa = PBXFileReference; lastKnownFileType = file.storyboard; name = Base; path = Base.lproj/Main.storyboard; sourceTree = "<group>"; };
		92193F401D1467AC00EEED61 /* Assets.xcassets */ = {isa = PBXFileReference; lastKnownFileType = folder.assetcatalog; path = Assets.xcassets; sourceTree = "<group>"; };
		92193F431D1467AC00EEED61 /* Base */ = {isa = PBXFileReference; lastKnownFileType = file.storyboard; name = Base; path = Base.lproj/LaunchScreen.storyboard; sourceTree = "<group>"; };
		92193F451D1467AC00EEED61 /* Info.plist */ = {isa = PBXFileReference; lastKnownFileType = text.plist.xml; path = Info.plist; sourceTree = "<group>"; };
		92193F4B1D15115700EEED61 /* ConversionViewController.swift */ = {isa = PBXFileReference; fileEncoding = 4; lastKnownFileType = sourcecode.swift; path = ConversionViewController.swift; sourceTree = "<group>"; };
		92193F991D1B583400EEED61 /* MapKit.framework */ = {isa = PBXFileReference; lastKnownFileType = wrapper.framework; name = MapKit.framework; path = System/Library/Frameworks/MapKit.framework; sourceTree = SDKROOT; };
		925134F51D3C779B006D3C1A /* WebViewController.swift */ = {isa = PBXFileReference; fileEncoding = 4; lastKnownFileType = sourcecode.swift; path = WebViewController.swift; sourceTree = "<group>"; };
		92D830B91D26D3AE000832DF /* MapViewController.swift */ = {isa = PBXFileReference; fileEncoding = 4; lastKnownFileType = sourcecode.swift; path = MapViewController.swift; sourceTree = "<group>"; };
/* End PBXFileReference section */

/* Begin PBXFrameworksBuildPhase section */
		92193F331D1467AB00EEED61 /* Frameworks */ = {
			isa = PBXFrameworksBuildPhase;
			buildActionMask = 2147483647;
			files = (
				92193F9A1D1B583400EEED61 /* MapKit.framework in Frameworks */,
			);
			runOnlyForDeploymentPostprocessing = 0;
		};
/* End PBXFrameworksBuildPhase section */

/* Begin PBXGroup section */
		92193F2D1D1467AB00EEED61 = {
			isa = PBXGroup;
			children = (
				92193F991D1B583400EEED61 /* MapKit.framework */,
				92193F381D1467AB00EEED61 /* WorldTrotter */,
				92193F371D1467AB00EEED61 /* Products */,
			);
			sourceTree = "<group>";
		};
		92193F371D1467AB00EEED61 /* Products */ = {
			isa = PBXGroup;
			children = (
				92193F361D1467AB00EEED61 /* WorldTrotter.app */,
			);
			name = Products;
			sourceTree = "<group>";
		};
		92193F381D1467AB00EEED61 /* WorldTrotter */ = {
			isa = PBXGroup;
			children = (
				92193F391D1467AB00EEED61 /* AppDelegate.swift */,
				92193F4B1D15115700EEED61 /* ConversionViewController.swift */,
				92D830B91D26D3AE000832DF /* MapViewController.swift */,
				925134F51D3C779B006D3C1A /* WebViewController.swift */,
				92193F3D1D1467AB00EEED61 /* Main.storyboard */,
				92193F401D1467AC00EEED61 /* Assets.xcassets */,
				92193F421D1467AC00EEED61 /* LaunchScreen.storyboard */,
				92193F451D1467AC00EEED61 /* Info.plist */,
			);
			path = WorldTrotter;
			sourceTree = "<group>";
		};
/* End PBXGroup section */

/* Begin PBXNativeTarget section */
		92193F351D1467AB00EEED61 /* WorldTrotter */ = {
			isa = PBXNativeTarget;
			buildConfigurationList = 92193F481D1467AC00EEED61 /* Build configuration list for PBXNativeTarget "WorldTrotter" */;
			buildPhases = (
				92193F321D1467AB00EEED61 /* Sources */,
				92193F331D1467AB00EEED61 /* Frameworks */,
				92193F341D1467AB00EEED61 /* Resources */,
			);
			buildRules = (
			);
			dependencies = (
			);
			name = WorldTrotter;
			productName = WorldTrotter;
			productReference = 92193F361D1467AB00EEED61 /* WorldTrotter.app */;
			productType = "com.apple.product-type.application";
		};
/* End PBXNativeTarget section */

/* Begin PBXProject section */
		92193F2E1D1467AB00EEED61 /* Project object */ = {
			isa = PBXProject;
			attributes = {
				LastSwiftUpdateCheck = 0730;
				LastUpgradeCheck = 0730;
				ORGANIZATIONNAME = "Luis Arias";
				TargetAttributes = {
					92193F351D1467AB00EEED61 = {
						CreatedOnToolsVersion = 7.3.1;
					};
				};
			};
			buildConfigurationList = 92193F311D1467AB00EEED61 /* Build configuration list for PBXProject "WorldTrotter" */;
			compatibilityVersion = "Xcode 3.2";
			developmentRegion = English;
			hasScannedForEncodings = 0;
			knownRegions = (
				en,
				Base,
			);
			mainGroup = 92193F2D1D1467AB00EEED61;
			productRefGroup = 92193F371D1467AB00EEED61 /* Products */;
			projectDirPath = "";
			projectRoot = "";
			targets = (
				92193F351D1467AB00EEED61 /* WorldTrotter */,
			);
		};
/* End PBXProject section */

/* Begin PBXResourcesBuildPhase section */
		92193F341D1467AB00EEED61 /* Resources */ = {
			isa = PBXResourcesBuildPhase;
			buildActionMask = 2147483647;
			files = (
				92193F441D1467AC00EEED61 /* LaunchScreen.storyboard in Resources */,
				92193F411D1467AC00EEED61 /* Assets.xcassets in Resources */,
				92193F3F1D1467AB00EEED61 /* Main.storyboard in Resources */,
			);
			runOnlyForDeploymentPostprocessing = 0;
		};
/* End PBXResourcesBuildPhase section */

/* Begin PBXSourcesBuildPhase section */
		92193F321D1467AB00EEED61 /* Sources */ = {
			isa = PBXSourcesBuildPhase;
			buildActionMask = 2147483647;
			files = (
				92193F4C1D15115700EEED61 /* ConversionViewController.swift in Sources */,
				92D830BA1D26D3AE000832DF /* MapViewController.swift in Sources */,
				92193F3A1D1467AB00EEED61 /* AppDelegate.swift in Sources */,
				925134F61D3C779B006D3C1A /* WebViewController.swift in Sources */,
			);
			runOnlyForDeploymentPostprocessing = 0;
		};
/* End PBXSourcesBuildPhase section */

/* Begin PBXVariantGroup section */
		92193F3D1D1467AB00EEED61 /* Main.storyboard */ = {
			isa = PBXVariantGroup;
			children = (
				92193F3E1D1467AB00EEED61 /* Base */,
			);
			name = Main.storyboard;
			sourceTree = "<group>";
		};
		92193F421D1467AC00EEED61 /* LaunchScreen.storyboard */ = {
			isa = PBXVariantGroup;
			children = (
				92193F431D1467AC00EEED61 /* Base */,
			);
			name = LaunchScreen.storyboard;
			sourceTree = "<group>";
		};
/* End PBXVariantGroup section */

/* Begin XCBuildConfiguration section */
		92193F461D1467AC00EEED61 /* Debug */ = {
			isa = XCBuildConfiguration;
			buildSettings = {
				ALWAYS_SEARCH_USER_PATHS = NO;
				CLANG_ANALYZER_NONNULL = YES;
				CLANG_CXX_LANGUAGE_STANDARD = "gnu++0x";
				CLANG_CXX_LIBRARY = "libc++";
				CLANG_ENABLE_MODULES = YES;
				CLANG_ENABLE_OBJC_ARC = YES;
				CLANG_WARN_BOOL_CONVERSION = YES;
				CLANG_WARN_CONSTANT_CONVERSION = YES;
				CLANG_WARN_DIRECT_OBJC_ISA_USAGE = YES_ERROR;
				CLANG_WARN_EMPTY_BODY = YES;
				CLANG_WARN_ENUM_CONVERSION = YES;
				CLANG_WARN_INT_CONVERSION = YES;
				CLANG_WARN_OBJC_ROOT_CLASS = YES_ERROR;
				CLANG_WARN_UNREACHABLE_CODE = YES;
				CLANG_WARN__DUPLICATE_METHOD_MATCH = YES;
				"CODE_SIGN_IDENTITY[sdk=iphoneos*]" = "iPhone Developer";
				COPY_PHASE_STRIP = NO;
				DEBUG_INFORMATION_FORMAT = dwarf;
				ENABLE_STRICT_OBJC_MSGSEND = YES;
				ENABLE_TESTABILITY = YES;
				GCC_C_LANGUAGE_STANDARD = gnu99;
				GCC_DYNAMIC_NO_PIC = NO;
				GCC_NO_COMMON_BLOCKS = YES;
				GCC_OPTIMIZATION_LEVEL = 0;
				GCC_PREPROCESSOR_DEFINITIONS = (
					"DEBUG=1",
					"$(inherited)",
				);
				GCC_WARN_64_TO_32_BIT_CONVERSION = YES;
				GCC_WARN_ABOUT_RETURN_TYPE = YES_ERROR;
				GCC_WARN_UNDECLARED_SELECTOR = YES;
				GCC_WARN_UNINITIALIZED_AUTOS = YES_AGGRESSIVE;
				GCC_WARN_UNUSED_FUNCTION = YES;
				GCC_WARN_UNUSED_VARIABLE = YES;
				IPHONEOS_DEPLOYMENT_TARGET = 9.3;
				MTL_ENABLE_DEBUG_INFO = YES;
				ONLY_ACTIVE_ARCH = YES;
				SDKROOT = iphoneos;
				SWIFT_OPTIMIZATION_LEVEL = "-Onone";
			};
			name = Debug;
		};
		92193F471D1467AC00EEED61 /* Release */ = {
			isa = XCBuildConfiguration;
			buildSettings = {
				ALWAYS_SEARCH_USER_PATHS = NO;
				CLANG_ANALYZER_NONNULL = YES;
				CLANG_CXX_LANGUAGE_STANDARD = "gnu++0x";
				CLANG_CXX_LIBRARY = "libc++";
				CLANG_ENABLE_MODULES = YES;
				CLANG_ENABLE_OBJC_ARC = YES;
				CLANG_WARN_BOOL_CONVERSION = YES;
				CLANG_WARN_CONSTANT_CONVERSION = YES;
				CLANG_WARN_DIRECT_OBJC_ISA_USAGE = YES_ERROR;
				CLANG_WARN_EMPTY_BODY = YES;
				CLANG_WARN_ENUM_CONVERSION = YES;
				CLANG_WARN_INT_CONVERSION = YES;
				CLANG_WARN_OBJC_ROOT_CLASS = YES_ERROR;
				CLANG_WARN_UNREACHABLE_CODE = YES;
				CLANG_WARN__DUPLICATE_METHOD_MATCH = YES;
				"CODE_SIGN_IDENTITY[sdk=iphoneos*]" = "iPhone Developer";
				COPY_PHASE_STRIP = NO;
				DEBUG_INFORMATION_FORMAT = "dwarf-with-dsym";
				ENABLE_NS_ASSERTIONS = NO;
				ENABLE_STRICT_OBJC_MSGSEND = YES;
				GCC_C_LANGUAGE_STANDARD = gnu99;
				GCC_NO_COMMON_BLOCKS = YES;
				GCC_WARN_64_TO_32_BIT_CONVERSION = YES;
				GCC_WARN_ABOUT_RETURN_TYPE = YES_ERROR;
				GCC_WARN_UNDECLARED_SELECTOR = YES;
				GCC_WARN_UNINITIALIZED_AUTOS = YES_AGGRESSIVE;
				GCC_WARN_UNUSED_FUNCTION = YES;
				GCC_WARN_UNUSED_VARIABLE = YES;
				IPHONEOS_DEPLOYMENT_TARGET = 9.3;
				MTL_ENABLE_DEBUG_INFO = NO;
				SDKROOT = iphoneos;
				VALIDATE_PRODUCT = YES;
			};
			name = Release;
		};
		92193F491D1467AC00EEED61 /* Debug */ = {
			isa = XCBuildConfiguration;
			buildSettings = {
				ASSETCATALOG_COMPILER_APPICON_NAME = AppIcon;
				INFOPLIST_FILE = WorldTrotter/Info.plist;
				LD_RUNPATH_SEARCH_PATHS = "$(inherited) @executable_path/Frameworks";
				PRODUCT_BUNDLE_IDENTIFIER = mx.com.terco.WorldTrotter;
				PRODUCT_NAME = "$(TARGET_NAME)";
			};
			name = Debug;
		};
		92193F4A1D1467AC00EEED61 /* Release */ = {
			isa = XCBuildConfiguration;
			buildSettings = {
				ASSETCATALOG_COMPILER_APPICON_NAME = AppIcon;
				INFOPLIST_FILE = WorldTrotter/Info.plist;
				LD_RUNPATH_SEARCH_PATHS = "$(inherited) @executable_path/Frameworks";
				PRODUCT_BUNDLE_IDENTIFIER = mx.com.terco.WorldTrotter;
				PRODUCT_NAME = "$(TARGET_NAME)";
			};
			name = Release;
		};
/* End XCBuildConfiguration section */

/* Begin XCConfigurationList section */
		92193F311D1467AB00EEED61 /* Build configuration list for PBXProject "WorldTrotter" */ = {
			isa = XCConfigurationList;
			buildConfigurations = (
				92193F461D1467AC00EEED61 /* Debug */,
				92193F471D1467AC00EEED61 /* Release */,
			);
			defaultConfigurationIsVisible = 0;
			defaultConfigurationName = Release;
		};
		92193F481D1467AC00EEED61 /* Build configuration list for PBXNativeTarget "WorldTrotter" */ = {
			isa = XCConfigurationList;
			buildConfigurations = (
				92193F491D1467AC00EEED61 /* Debug */,
				92193F4A1D1467AC00EEED61 /* Release */,
			);
			defaultConfigurationIsVisible = 0;
			defaultConfigurationName = Release;
		};
/* End XCConfigurationList section */
	};
	rootObject = 92193F2E1D1467AB00EEED61 /* Project object */;
}
